
Microsoft Visual Studio Solution File, Format Version 12.00
# Visual Studio Version 16
VisualStudioVersion = 16.0.29911.84
MinimumVisualStudioVersion = 10.0.40219.1
Project("{FAE04EC0-301F-11D3-BF4B-00C04F79EFBC}") = "variables_and_data_types", "variables_and_data_types\variables_and_data_types.csproj", "{96B880A3-CAFD-46F1-B548-C547CCC2AD8D}"
EndProject
Project("{FAE04EC0-301F-11D3-BF4B-00C04F79EFBC}") = "DailyReport", "DailyReport\DailyReport.csproj", "{78ED9698-792D-41F7-9761-B47652DABB44}"
EndProject
Project("{FAE04EC0-301F-11D3-BF4B-00C04F79EFBC}") = "MathAndComparisonOperators", "MathAndComparisonOperators\MathAndComparisonOperators.csproj", "{34046990-B142-47DE-828B-CD8A90BAD60F}"
EndProject
Project("{FAE04EC0-301F-11D3-BF4B-00C04F79EFBC}") = "OperationsApplication", "OperationsApplication\OperationsApplication.csproj", "{EEEE427C-9909-40C8-BF3A-95C538CC9FE7}"
EndProject
Project("{FAE04EC0-301F-11D3-BF4B-00C04F79EFBC}") = "IncomeComparison", "IncomeComparison\IncomeComparison.csproj", "{C1775E70-04A4-4DB1-926A-8C84BE1CCCBC}"
EndProject
Project("{FAE04EC0-301F-11D3-BF4B-00C04F79EFBC}") = "BooleanLogic", "BooleanLogic\BooleanLogic.csproj", "{AAD04846-5D6A-41C8-B781-480A5212D731}"
EndProject
Project("{FAE04EC0-301F-11D3-BF4B-00C04F79EFBC}") = "Branching", "Branching\Branching.csproj", "{10598EB1-8717-423C-92EB-833B15BB6F0F}"
EndProject
Project("{FAE04EC0-301F-11D3-BF4B-00C04F79EFBC}") = "Loops", "Loops\Loops.csproj", "{30657295-99F8-4D72-8FF1-DBB5E8A7BBAD}"
EndProject
Project("{FAE04EC0-301F-11D3-BF4B-00C04F79EFBC}") = "CountToOneHundred", "CountToOneHundred\CountToOneHundred.csproj", "{2A53F769-988E-4245-AF7C-09292E0E6F08}"
EndProject
Project("{FAE04EC0-301F-11D3-BF4B-00C04F79EFBC}") = "ShippingCalculator", "ShippingCalculator\ShippingCalculator.csproj", "{3A1D4979-93DA-4DE0-943D-0941B9AB3471}"
EndProject
Project("{FAE04EC0-301F-11D3-BF4B-00C04F79EFBC}") = "StringBuilding", "StringBuilding\StringBuilding.csproj", "{E239C758-C655-4FAA-9571-387AED857BCA}"
EndProject
Project("{FAE04EC0-301F-11D3-BF4B-00C04F79EFBC}") = "ArraysAndLists", "ArraysAndLists\ArraysAndLists.csproj", "{B1ECBD86-4E44-4CB1-B292-D227BB7FA281}"
EndProject
Project("{FAE04EC0-301F-11D3-BF4B-00C04F79EFBC}") = "ArrayPractice", "ArrayPractice\ArrayPractice.csproj", "{055E5489-ED12-4D7A-9991-9E1C4C0DBB91}"
EndProject
Project("{FAE04EC0-301F-11D3-BF4B-00C04F79EFBC}") = "Iteration", "Iteration\Iteration.csproj", "{3DF525EB-A69F-4EFE-A6FC-7D7A2B0C5ACB}"
EndProject
Project("{FAE04EC0-301F-11D3-BF4B-00C04F79EFBC}") = "iterationExercise", "iterationExercise\iterationExercise.csproj", "{A1AD693E-BC16-4742-9456-2A1E8F056025}"
EndProject
Project("{FAE04EC0-301F-11D3-BF4B-00C04F79EFBC}") = "ExceptionHandling", "ExceptionHandling\ExceptionHandling.csproj", "{0C8AD98B-7708-40B6-ACD6-C64951833598}"
EndProject
Project("{FAE04EC0-301F-11D3-BF4B-00C04F79EFBC}") = "TryCatchExercise", "TryCatchExercise\TryCatchExercise.csproj", "{57E0E304-5DFD-434F-B44E-DBD9FF00DD13}"
EndProject
Project("{FAE04EC0-301F-11D3-BF4B-00C04F79EFBC}") = "ClassMethodExercise", "ClassMethodExercise\ClassMethodExercise.csproj", "{390E0A17-4D7D-48CD-8A8C-368F9213A44C}"
EndProject
Project("{FAE04EC0-301F-11D3-BF4B-00C04F79EFBC}") = "BlackjackApp", "..\..\C_Sharp_Projects\BlackjackApp\BlackjackApp\BlackjackApp.csproj", "{9D2389D1-47F4-4DC4-828B-B2AEFF26F984}"
EndProject
Project("{FAE04EC0-301F-11D3-BF4B-00C04F79EFBC}") = "ClassMethodExercise2", "ClassMethodExercise2\ClassMethodExercise2.csproj", "{7B3CDEC4-DA93-4B9A-97EE-A172983D7B4B}"
EndProject
Project("{FAE04EC0-301F-11D3-BF4B-00C04F79EFBC}") = "ClassMethodExercise3", "ClassMethodExercise3\ClassMethodExercise3.csproj", "{6EE78F89-5F75-44FF-94A4-104F5F8A40F3}"
EndProject
Project("{FAE04EC0-301F-11D3-BF4B-00C04F79EFBC}") = "ClassMethodExercise4", "ClassMethodExercise4\ClassMethodExercise4.csproj", "{5413971B-F4CB-4C98-9D35-E64920B999E4}"
EndProject
Project("{FAE04EC0-301F-11D3-BF4B-00C04F79EFBC}") = "ClassMethodExercise5", "ClassMethodExercise5\ClassMethodExercise5.csproj", "{9BCFAE5B-EEC3-459F-933B-CC545C37ACD5}"
EndProject
Project("{FAE04EC0-301F-11D3-BF4B-00C04F79EFBC}") = "ClassInheritanceExercise", "ClassInheritanceExercise\ClassInheritanceExercise.csproj", "{302FDC0B-94EE-484D-801D-1CEB88EC6E2C}"
EndProject
Project("{FAE04EC0-301F-11D3-BF4B-00C04F79EFBC}") = "ClassAbstractExercise", "ClassAbstractExercise\ClassAbstractExercise.csproj", "{4A881BAA-2365-4239-BDC4-8893FE330587}"
EndProject
Global
	GlobalSection(SolutionConfigurationPlatforms) = preSolution
		Debug|Any CPU = Debug|Any CPU
		Release|Any CPU = Release|Any CPU
	EndGlobalSection
	GlobalSection(ProjectConfigurationPlatforms) = postSolution
		{96B880A3-CAFD-46F1-B548-C547CCC2AD8D}.Debug|Any CPU.ActiveCfg = Debug|Any CPU
		{96B880A3-CAFD-46F1-B548-C547CCC2AD8D}.Debug|Any CPU.Build.0 = Debug|Any CPU
		{96B880A3-CAFD-46F1-B548-C547CCC2AD8D}.Release|Any CPU.ActiveCfg = Release|Any CPU
		{96B880A3-CAFD-46F1-B548-C547CCC2AD8D}.Release|Any CPU.Build.0 = Release|Any CPU
		{78ED9698-792D-41F7-9761-B47652DABB44}.Debug|Any CPU.ActiveCfg = Debug|Any CPU
		{78ED9698-792D-41F7-9761-B47652DABB44}.Debug|Any CPU.Build.0 = Debug|Any CPU
		{78ED9698-792D-41F7-9761-B47652DABB44}.Release|Any CPU.ActiveCfg = Release|Any CPU
		{78ED9698-792D-41F7-9761-B47652DABB44}.Release|Any CPU.Build.0 = Release|Any CPU
		{34046990-B142-47DE-828B-CD8A90BAD60F}.Debug|Any CPU.ActiveCfg = Debug|Any CPU
		{34046990-B142-47DE-828B-CD8A90BAD60F}.Debug|Any CPU.Build.0 = Debug|Any CPU
		{34046990-B142-47DE-828B-CD8A90BAD60F}.Release|Any CPU.ActiveCfg = Release|Any CPU
		{34046990-B142-47DE-828B-CD8A90BAD60F}.Release|Any CPU.Build.0 = Release|Any CPU
		{EEEE427C-9909-40C8-BF3A-95C538CC9FE7}.Debug|Any CPU.ActiveCfg = Debug|Any CPU
		{EEEE427C-9909-40C8-BF3A-95C538CC9FE7}.Debug|Any CPU.Build.0 = Debug|Any CPU
		{EEEE427C-9909-40C8-BF3A-95C538CC9FE7}.Release|Any CPU.ActiveCfg = Release|Any CPU
		{EEEE427C-9909-40C8-BF3A-95C538CC9FE7}.Release|Any CPU.Build.0 = Release|Any CPU
		{C1775E70-04A4-4DB1-926A-8C84BE1CCCBC}.Debug|Any CPU.ActiveCfg = Debug|Any CPU
		{C1775E70-04A4-4DB1-926A-8C84BE1CCCBC}.Debug|Any CPU.Build.0 = Debug|Any CPU
		{C1775E70-04A4-4DB1-926A-8C84BE1CCCBC}.Release|Any CPU.ActiveCfg = Release|Any CPU
		{C1775E70-04A4-4DB1-926A-8C84BE1CCCBC}.Release|Any CPU.Build.0 = Release|Any CPU
		{AAD04846-5D6A-41C8-B781-480A5212D731}.Debug|Any CPU.ActiveCfg = Debug|Any CPU
		{AAD04846-5D6A-41C8-B781-480A5212D731}.Debug|Any CPU.Build.0 = Debug|Any CPU
		{AAD04846-5D6A-41C8-B781-480A5212D731}.Release|Any CPU.ActiveCfg = Release|Any CPU
		{AAD04846-5D6A-41C8-B781-480A5212D731}.Release|Any CPU.Build.0 = Release|Any CPU
		{10598EB1-8717-423C-92EB-833B15BB6F0F}.Debug|Any CPU.ActiveCfg = Debug|Any CPU
		{10598EB1-8717-423C-92EB-833B15BB6F0F}.Debug|Any CPU.Build.0 = Debug|Any CPU
		{10598EB1-8717-423C-92EB-833B15BB6F0F}.Release|Any CPU.ActiveCfg = Release|Any CPU
		{10598EB1-8717-423C-92EB-833B15BB6F0F}.Release|Any CPU.Build.0 = Release|Any CPU
		{30657295-99F8-4D72-8FF1-DBB5E8A7BBAD}.Debug|Any CPU.ActiveCfg = Debug|Any CPU
		{30657295-99F8-4D72-8FF1-DBB5E8A7BBAD}.Debug|Any CPU.Build.0 = Debug|Any CPU
		{30657295-99F8-4D72-8FF1-DBB5E8A7BBAD}.Release|Any CPU.ActiveCfg = Release|Any CPU
		{30657295-99F8-4D72-8FF1-DBB5E8A7BBAD}.Release|Any CPU.Build.0 = Release|Any CPU
		{2A53F769-988E-4245-AF7C-09292E0E6F08}.Debug|Any CPU.ActiveCfg = Debug|Any CPU
		{2A53F769-988E-4245-AF7C-09292E0E6F08}.Debug|Any CPU.Build.0 = Debug|Any CPU
		{2A53F769-988E-4245-AF7C-09292E0E6F08}.Release|Any CPU.ActiveCfg = Release|Any CPU
		{2A53F769-988E-4245-AF7C-09292E0E6F08}.Release|Any CPU.Build.0 = Release|Any CPU
		{3A1D4979-93DA-4DE0-943D-0941B9AB3471}.Debug|Any CPU.ActiveCfg = Debug|Any CPU
		{3A1D4979-93DA-4DE0-943D-0941B9AB3471}.Debug|Any CPU.Build.0 = Debug|Any CPU
		{3A1D4979-93DA-4DE0-943D-0941B9AB3471}.Release|Any CPU.ActiveCfg = Release|Any CPU
		{3A1D4979-93DA-4DE0-943D-0941B9AB3471}.Release|Any CPU.Build.0 = Release|Any CPU
		{E239C758-C655-4FAA-9571-387AED857BCA}.Debug|Any CPU.ActiveCfg = Debug|Any CPU
		{E239C758-C655-4FAA-9571-387AED857BCA}.Debug|Any CPU.Build.0 = Debug|Any CPU
		{E239C758-C655-4FAA-9571-387AED857BCA}.Release|Any CPU.ActiveCfg = Release|Any CPU
		{E239C758-C655-4FAA-9571-387AED857BCA}.Release|Any CPU.Build.0 = Release|Any CPU
		{B1ECBD86-4E44-4CB1-B292-D227BB7FA281}.Debug|Any CPU.ActiveCfg = Debug|Any CPU
		{B1ECBD86-4E44-4CB1-B292-D227BB7FA281}.Debug|Any CPU.Build.0 = Debug|Any CPU
		{B1ECBD86-4E44-4CB1-B292-D227BB7FA281}.Release|Any CPU.ActiveCfg = Release|Any CPU
		{B1ECBD86-4E44-4CB1-B292-D227BB7FA281}.Release|Any CPU.Build.0 = Release|Any CPU
		{055E5489-ED12-4D7A-9991-9E1C4C0DBB91}.Debug|Any CPU.ActiveCfg = Debug|Any CPU
		{055E5489-ED12-4D7A-9991-9E1C4C0DBB91}.Debug|Any CPU.Build.0 = Debug|Any CPU
		{055E5489-ED12-4D7A-9991-9E1C4C0DBB91}.Release|Any CPU.ActiveCfg = Release|Any CPU
		{055E5489-ED12-4D7A-9991-9E1C4C0DBB91}.Release|Any CPU.Build.0 = Release|Any CPU
		{3DF525EB-A69F-4EFE-A6FC-7D7A2B0C5ACB}.Debug|Any CPU.ActiveCfg = Debug|Any CPU
		{3DF525EB-A69F-4EFE-A6FC-7D7A2B0C5ACB}.Debug|Any CPU.Build.0 = Debug|Any CPU
		{3DF525EB-A69F-4EFE-A6FC-7D7A2B0C5ACB}.Release|Any CPU.ActiveCfg = Release|Any CPU
		{3DF525EB-A69F-4EFE-A6FC-7D7A2B0C5ACB}.Release|Any CPU.Build.0 = Release|Any CPU
		{A1AD693E-BC16-4742-9456-2A1E8F056025}.Debug|Any CPU.ActiveCfg = Debug|Any CPU
		{A1AD693E-BC16-4742-9456-2A1E8F056025}.Debug|Any CPU.Build.0 = Debug|Any CPU
		{A1AD693E-BC16-4742-9456-2A1E8F056025}.Release|Any CPU.ActiveCfg = Release|Any CPU
		{A1AD693E-BC16-4742-9456-2A1E8F056025}.Release|Any CPU.Build.0 = Release|Any CPU
		{0C8AD98B-7708-40B6-ACD6-C64951833598}.Debug|Any CPU.ActiveCfg = Debug|Any CPU
		{0C8AD98B-7708-40B6-ACD6-C64951833598}.Debug|Any CPU.Build.0 = Debug|Any CPU
		{0C8AD98B-7708-40B6-ACD6-C64951833598}.Release|Any CPU.ActiveCfg = Release|Any CPU
		{0C8AD98B-7708-40B6-ACD6-C64951833598}.Release|Any CPU.Build.0 = Release|Any CPU
		{57E0E304-5DFD-434F-B44E-DBD9FF00DD13}.Debug|Any CPU.ActiveCfg = Debug|Any CPU
		{57E0E304-5DFD-434F-B44E-DBD9FF00DD13}.Debug|Any CPU.Build.0 = Debug|Any CPU
		{57E0E304-5DFD-434F-B44E-DBD9FF00DD13}.Release|Any CPU.ActiveCfg = Release|Any CPU
		{57E0E304-5DFD-434F-B44E-DBD9FF00DD13}.Release|Any CPU.Build.0 = Release|Any CPU
		{390E0A17-4D7D-48CD-8A8C-368F9213A44C}.Debug|Any CPU.ActiveCfg = Debug|Any CPU
		{390E0A17-4D7D-48CD-8A8C-368F9213A44C}.Debug|Any CPU.Build.0 = Debug|Any CPU
		{390E0A17-4D7D-48CD-8A8C-368F9213A44C}.Release|Any CPU.ActiveCfg = Release|Any CPU
		{390E0A17-4D7D-48CD-8A8C-368F9213A44C}.Release|Any CPU.Build.0 = Release|Any CPU
		{9D2389D1-47F4-4DC4-828B-B2AEFF26F984}.Debug|Any CPU.ActiveCfg = Debug|Any CPU
		{9D2389D1-47F4-4DC4-828B-B2AEFF26F984}.Debug|Any CPU.Build.0 = Debug|Any CPU
		{9D2389D1-47F4-4DC4-828B-B2AEFF26F984}.Release|Any CPU.ActiveCfg = Release|Any CPU
		{9D2389D1-47F4-4DC4-828B-B2AEFF26F984}.Release|Any CPU.Build.0 = Release|Any CPU
		{7B3CDEC4-DA93-4B9A-97EE-A172983D7B4B}.Debug|Any CPU.ActiveCfg = Debug|Any CPU
		{7B3CDEC4-DA93-4B9A-97EE-A172983D7B4B}.Debug|Any CPU.Build.0 = Debug|Any CPU
		{7B3CDEC4-DA93-4B9A-97EE-A172983D7B4B}.Release|Any CPU.ActiveCfg = Release|Any CPU
		{7B3CDEC4-DA93-4B9A-97EE-A172983D7B4B}.Release|Any CPU.Build.0 = Release|Any CPU
		{6EE78F89-5F75-44FF-94A4-104F5F8A40F3}.Debug|Any CPU.ActiveCfg = Debug|Any CPU
		{6EE78F89-5F75-44FF-94A4-104F5F8A40F3}.Debug|Any CPU.Build.0 = Debug|Any CPU
		{6EE78F89-5F75-44FF-94A4-104F5F8A40F3}.Release|Any CPU.ActiveCfg = Release|Any CPU
		{6EE78F89-5F75-44FF-94A4-104F5F8A40F3}.Release|Any CPU.Build.0 = Release|Any CPU
		{5413971B-F4CB-4C98-9D35-E64920B999E4}.Debug|Any CPU.ActiveCfg = Debug|Any CPU
		{5413971B-F4CB-4C98-9D35-E64920B999E4}.Debug|Any CPU.Build.0 = Debug|Any CPU
		{5413971B-F4CB-4C98-9D35-E64920B999E4}.Release|Any CPU.ActiveCfg = Release|Any CPU
		{5413971B-F4CB-4C98-9D35-E64920B999E4}.Release|Any CPU.Build.0 = Release|Any CPU
		{9BCFAE5B-EEC3-459F-933B-CC545C37ACD5}.Debug|Any CPU.ActiveCfg = Debug|Any CPU
		{9BCFAE5B-EEC3-459F-933B-CC545C37ACD5}.Debug|Any CPU.Build.0 = Debug|Any CPU
		{9BCFAE5B-EEC3-459F-933B-CC545C37ACD5}.Release|Any CPU.ActiveCfg = Release|Any CPU
		{9BCFAE5B-EEC3-459F-933B-CC545C37ACD5}.Release|Any CPU.Build.0 = Release|Any CPU
		{302FDC0B-94EE-484D-801D-1CEB88EC6E2C}.Debug|Any CPU.ActiveCfg = Debug|Any CPU
		{302FDC0B-94EE-484D-801D-1CEB88EC6E2C}.Debug|Any CPU.Build.0 = Debug|Any CPU
		{302FDC0B-94EE-484D-801D-1CEB88EC6E2C}.Release|Any CPU.ActiveCfg = Release|Any CPU
		{302FDC0B-94EE-484D-801D-1CEB88EC6E2C}.Release|Any CPU.Build.0 = Release|Any CPU
		{4A881BAA-2365-4239-BDC4-8893FE330587}.Debug|Any CPU.ActiveCfg = Debug|Any CPU
		{4A881BAA-2365-4239-BDC4-8893FE330587}.Debug|Any CPU.Build.0 = Debug|Any CPU
		{4A881BAA-2365-4239-BDC4-8893FE330587}.Release|Any CPU.ActiveCfg = Release|Any CPU
		{4A881BAA-2365-4239-BDC4-8893FE330587}.Release|Any CPU.Build.0 = Release|Any CPU
	EndGlobalSection
	GlobalSection(SolutionProperties) = preSolution
		HideSolutionNode = FALSE
	EndGlobalSection
	GlobalSection(ExtensibilityGlobals) = postSolution
		SolutionGuid = {2229E2FE-AA21-4B1E-94BB-A52832F15BA7}
	EndGlobalSection
EndGlobal
